// !$*UTF8*$!
{
	archiveVersion = 1;
	classes = {
	};
	objectVersion = 46;
	objects = {

/* Begin PBXBuildFile section */
		8272F2331B11E359004E9047 /* AppDelegate.swift in Sources */ = {isa = PBXBuildFile; fileRef = 8272F2321B11E359004E9047 /* AppDelegate.swift */; };
		8272F2351B11E359004E9047 /* ViewController.swift in Sources */ = {isa = PBXBuildFile; fileRef = 8272F2341B11E359004E9047 /* ViewController.swift */; };
		8272F2381B11E359004E9047 /* Main.storyboard in Resources */ = {isa = PBXBuildFile; fileRef = 8272F2361B11E359004E9047 /* Main.storyboard */; };
		8272F23A1B11E359004E9047 /* Images.xcassets in Resources */ = {isa = PBXBuildFile; fileRef = 8272F2391B11E359004E9047 /* Images.xcassets */; };
		8272F23D1B11E359004E9047 /* LaunchScreen.xib in Resources */ = {isa = PBXBuildFile; fileRef = 8272F23B1B11E359004E9047 /* LaunchScreen.xib */; };
		8272F2491B11E359004E9047 /* WatchKitUITests.swift in Sources */ = {isa = PBXBuildFile; fileRef = 8272F2481B11E359004E9047 /* WatchKitUITests.swift */; };
		8272F25D1B11E3D1004E9047 /* Images.xcassets in Resources */ = {isa = PBXBuildFile; fileRef = 8272F25C1B11E3D1004E9047 /* Images.xcassets */; };
		8272F2611B11E3D1004E9047 /* WatchKitUI WatchKit App.app in Resources */ = {isa = PBXBuildFile; fileRef = 8272F2601B11E3D1004E9047 /* WatchKitUI WatchKit App.app */; };
		8272F2691B11E3D1004E9047 /* Interface.storyboard in Resources */ = {isa = PBXBuildFile; fileRef = 8272F2671B11E3D1004E9047 /* Interface.storyboard */; };
		8272F26B1B11E3D1004E9047 /* Images.xcassets in Resources */ = {isa = PBXBuildFile; fileRef = 8272F26A1B11E3D1004E9047 /* Images.xcassets */; };
		8272F26E1B11E3D1004E9047 /* WatchKitUI WatchKit Extension.appex in Embed App Extensions */ = {isa = PBXBuildFile; fileRef = 8272F2561B11E3D1004E9047 /* WatchKitUI WatchKit Extension.appex */; settings = {ATTRIBUTES = (RemoveHeadersOnCopy, ); }; };
		8272F2781B128D0D004E9047 /* LabelInterfaceController.swift in Sources */ = {isa = PBXBuildFile; fileRef = 8272F2771B128D0D004E9047 /* LabelInterfaceController.swift */; };
/* End PBXBuildFile section */

/* Begin PBXContainerItemProxy section */
		8272F2431B11E359004E9047 /* PBXContainerItemProxy */ = {
			isa = PBXContainerItemProxy;
			containerPortal = 8272F2251B11E359004E9047 /* Project object */;
			proxyType = 1;
			remoteGlobalIDString = 8272F22C1B11E359004E9047;
			remoteInfo = WatchKitUI;
		};
		8272F2621B11E3D1004E9047 /* PBXContainerItemProxy */ = {
			isa = PBXContainerItemProxy;
			containerPortal = 8272F2251B11E359004E9047 /* Project object */;
			proxyType = 1;
			remoteGlobalIDString = 8272F25F1B11E3D1004E9047;
			remoteInfo = "WatchKitUI WatchKit App";
		};
		8272F26C1B11E3D1004E9047 /* PBXContainerItemProxy */ = {
			isa = PBXContainerItemProxy;
			containerPortal = 8272F2251B11E359004E9047 /* Project object */;
			proxyType = 1;
			remoteGlobalIDString = 8272F2551B11E3D1004E9047;
			remoteInfo = "WatchKitUI WatchKit Extension";
		};
/* End PBXContainerItemProxy section */

/* Begin PBXCopyFilesBuildPhase section */
		8272F2751B11E3D1004E9047 /* Embed App Extensions */ = {
			isa = PBXCopyFilesBuildPhase;
			buildActionMask = 2147483647;
			dstPath = "";
			dstSubfolderSpec = 13;
			files = (
				8272F26E1B11E3D1004E9047 /* WatchKitUI WatchKit Extension.appex in Embed App Extensions */,
			);
			name = "Embed App Extensions";
			runOnlyForDeploymentPostprocessing = 0;
		};
/* End PBXCopyFilesBuildPhase section */

/* Begin PBXFileReference section */
		8272F22D1B11E359004E9047 /* WatchKitUI.app */ = {isa = PBXFileReference; explicitFileType = wrapper.application; includeInIndex = 0; path = WatchKitUI.app; sourceTree = BUILT_PRODUCTS_DIR; };
		8272F2311B11E359004E9047 /* Info.plist */ = {isa = PBXFileReference; lastKnownFileType = text.plist.xml; path = Info.plist; sourceTree = "<group>"; };
		8272F2321B11E359004E9047 /* AppDelegate.swift */ = {isa = PBXFileReference; lastKnownFileType = sourcecode.swift; path = AppDelegate.swift; sourceTree = "<group>"; };
		8272F2341B11E359004E9047 /* ViewController.swift */ = {isa = PBXFileReference; lastKnownFileType = sourcecode.swift; path = ViewController.swift; sourceTree = "<group>"; };
		8272F2371B11E359004E9047 /* Base */ = {isa = PBXFileReference; lastKnownFileType = file.storyboard; name = Base; path = Base.lproj/Main.storyboard; sourceTree = "<group>"; };
		8272F2391B11E359004E9047 /* Images.xcassets */ = {isa = PBXFileReference; lastKnownFileType = folder.assetcatalog; path = Images.xcassets; sourceTree = "<group>"; };
		8272F23C1B11E359004E9047 /* Base */ = {isa = PBXFileReference; lastKnownFileType = file.xib; name = Base; path = Base.lproj/LaunchScreen.xib; sourceTree = "<group>"; };
		8272F2421B11E359004E9047 /* WatchKitUITests.xctest */ = {isa = PBXFileReference; explicitFileType = wrapper.cfbundle; includeInIndex = 0; path = WatchKitUITests.xctest; sourceTree = BUILT_PRODUCTS_DIR; };
		8272F2471B11E359004E9047 /* Info.plist */ = {isa = PBXFileReference; lastKnownFileType = text.plist.xml; path = Info.plist; sourceTree = "<group>"; };
		8272F2481B11E359004E9047 /* WatchKitUITests.swift */ = {isa = PBXFileReference; lastKnownFileType = sourcecode.swift; path = WatchKitUITests.swift; sourceTree = "<group>"; };
		8272F2561B11E3D1004E9047 /* WatchKitUI WatchKit Extension.appex */ = {isa = PBXFileReference; explicitFileType = "wrapper.app-extension"; includeInIndex = 0; path = "WatchKitUI WatchKit Extension.appex"; sourceTree = BUILT_PRODUCTS_DIR; };
		8272F2591B11E3D1004E9047 /* Info.plist */ = {isa = PBXFileReference; lastKnownFileType = text.plist.xml; path = Info.plist; sourceTree = "<group>"; };
		8272F25C1B11E3D1004E9047 /* Images.xcassets */ = {isa = PBXFileReference; lastKnownFileType = folder.assetcatalog; path = Images.xcassets; sourceTree = "<group>"; };
		8272F2601B11E3D1004E9047 /* WatchKitUI WatchKit App.app */ = {isa = PBXFileReference; explicitFileType = wrapper.application; includeInIndex = 0; path = "WatchKitUI WatchKit App.app"; sourceTree = BUILT_PRODUCTS_DIR; };
		8272F2661B11E3D1004E9047 /* Info.plist */ = {isa = PBXFileReference; lastKnownFileType = text.plist.xml; path = Info.plist; sourceTree = "<group>"; };
		8272F2681B11E3D1004E9047 /* Base */ = {isa = PBXFileReference; lastKnownFileType = file.storyboard; name = Base; path = Base.lproj/Interface.storyboard; sourceTree = "<group>"; };
		8272F26A1B11E3D1004E9047 /* Images.xcassets */ = {isa = PBXFileReference; lastKnownFileType = folder.assetcatalog; path = Images.xcassets; sourceTree = "<group>"; };
		8272F2761B128D0C004E9047 /* WatchKitUI WatchKit Extension-Bridging-Header.h */ = {isa = PBXFileReference; lastKnownFileType = sourcecode.c.h; path = "WatchKitUI WatchKit Extension-Bridging-Header.h"; sourceTree = "<group>"; };
		8272F2771B128D0D004E9047 /* LabelInterfaceController.swift */ = {isa = PBXFileReference; fileEncoding = 4; lastKnownFileType = sourcecode.swift; path = LabelInterfaceController.swift; sourceTree = "<group>"; };
/* End PBXFileReference section */

/* Begin PBXFrameworksBuildPhase section */
		8272F22A1B11E359004E9047 /* Frameworks */ = {
			isa = PBXFrameworksBuildPhase;
			buildActionMask = 2147483647;
			files = (
			);
			runOnlyForDeploymentPostprocessing = 0;
		};
		8272F23F1B11E359004E9047 /* Frameworks */ = {
			isa = PBXFrameworksBuildPhase;
			buildActionMask = 2147483647;
			files = (
			);
			runOnlyForDeploymentPostprocessing = 0;
		};
		8272F2531B11E3D1004E9047 /* Frameworks */ = {
			isa = PBXFrameworksBuildPhase;
			buildActionMask = 2147483647;
			files = (
			);
			runOnlyForDeploymentPostprocessing = 0;
		};
/* End PBXFrameworksBuildPhase section */

/* Begin PBXGroup section */
		8272F2241B11E359004E9047 = {
			isa = PBXGroup;
			children = (
				8272F22F1B11E359004E9047 /* WatchKitUI */,
				8272F2451B11E359004E9047 /* WatchKitUITests */,
				8272F2571B11E3D1004E9047 /* WatchKitUI WatchKit Extension */,
				8272F2641B11E3D1004E9047 /* WatchKitUI WatchKit App */,
				8272F22E1B11E359004E9047 /* Products */,
			);
			sourceTree = "<group>";
		};
		8272F22E1B11E359004E9047 /* Products */ = {
			isa = PBXGroup;
			children = (
				8272F22D1B11E359004E9047 /* WatchKitUI.app */,
				8272F2421B11E359004E9047 /* WatchKitUITests.xctest */,
				8272F2561B11E3D1004E9047 /* WatchKitUI WatchKit Extension.appex */,
				8272F2601B11E3D1004E9047 /* WatchKitUI WatchKit App.app */,
			);
			name = Products;
			sourceTree = "<group>";
		};
		8272F22F1B11E359004E9047 /* WatchKitUI */ = {
			isa = PBXGroup;
			children = (
				8272F2321B11E359004E9047 /* AppDelegate.swift */,
				8272F2341B11E359004E9047 /* ViewController.swift */,
				8272F2361B11E359004E9047 /* Main.storyboard */,
				8272F2391B11E359004E9047 /* Images.xcassets */,
				8272F23B1B11E359004E9047 /* LaunchScreen.xib */,
				8272F2301B11E359004E9047 /* Supporting Files */,
			);
			path = WatchKitUI;
			sourceTree = "<group>";
		};
		8272F2301B11E359004E9047 /* Supporting Files */ = {
			isa = PBXGroup;
			children = (
				8272F2311B11E359004E9047 /* Info.plist */,
			);
			name = "Supporting Files";
			sourceTree = "<group>";
		};
		8272F2451B11E359004E9047 /* WatchKitUITests */ = {
			isa = PBXGroup;
			children = (
				8272F2481B11E359004E9047 /* WatchKitUITests.swift */,
				8272F2461B11E359004E9047 /* Supporting Files */,
			);
			path = WatchKitUITests;
			sourceTree = "<group>";
		};
		8272F2461B11E359004E9047 /* Supporting Files */ = {
			isa = PBXGroup;
			children = (
				8272F2471B11E359004E9047 /* Info.plist */,
			);
			name = "Supporting Files";
			sourceTree = "<group>";
		};
		8272F2571B11E3D1004E9047 /* WatchKitUI WatchKit Extension */ = {
			isa = PBXGroup;
			children = (
				8272F25C1B11E3D1004E9047 /* Images.xcassets */,
				8272F2581B11E3D1004E9047 /* Supporting Files */,
				8272F2771B128D0D004E9047 /* LabelInterfaceController.swift */,
				8272F2761B128D0C004E9047 /* WatchKitUI WatchKit Extension-Bridging-Header.h */,
			);
			path = "WatchKitUI WatchKit Extension";
			sourceTree = "<group>";
		};
		8272F2581B11E3D1004E9047 /* Supporting Files */ = {
			isa = PBXGroup;
			children = (
				8272F2591B11E3D1004E9047 /* Info.plist */,
			);
			name = "Supporting Files";
			sourceTree = "<group>";
		};
		8272F2641B11E3D1004E9047 /* WatchKitUI WatchKit App */ = {
			isa = PBXGroup;
			children = (
				8272F2671B11E3D1004E9047 /* Interface.storyboard */,
				8272F26A1B11E3D1004E9047 /* Images.xcassets */,
				8272F2651B11E3D1004E9047 /* Supporting Files */,
			);
			path = "WatchKitUI WatchKit App";
			sourceTree = "<group>";
		};
		8272F2651B11E3D1004E9047 /* Supporting Files */ = {
			isa = PBXGroup;
			children = (
				8272F2661B11E3D1004E9047 /* Info.plist */,
			);
			name = "Supporting Files";
			sourceTree = "<group>";
		};
/* End PBXGroup section */

/* Begin PBXNativeTarget section */
		8272F22C1B11E359004E9047 /* WatchKitUI */ = {
			isa = PBXNativeTarget;
			buildConfigurationList = 8272F24C1B11E359004E9047 /* Build configuration list for PBXNativeTarget "WatchKitUI" */;
			buildPhases = (
				8272F2291B11E359004E9047 /* Sources */,
				8272F22A1B11E359004E9047 /* Frameworks */,
				8272F22B1B11E359004E9047 /* Resources */,
				8272F2751B11E3D1004E9047 /* Embed App Extensions */,
			);
			buildRules = (
			);
			dependencies = (
				8272F26D1B11E3D1004E9047 /* PBXTargetDependency */,
			);
			name = WatchKitUI;
			productName = WatchKitUI;
			productReference = 8272F22D1B11E359004E9047 /* WatchKitUI.app */;
			productType = "com.apple.product-type.application";
		};
		8272F2411B11E359004E9047 /* WatchKitUITests */ = {
			isa = PBXNativeTarget;
			buildConfigurationList = 8272F24F1B11E359004E9047 /* Build configuration list for PBXNativeTarget "WatchKitUITests" */;
			buildPhases = (
				8272F23E1B11E359004E9047 /* Sources */,
				8272F23F1B11E359004E9047 /* Frameworks */,
				8272F2401B11E359004E9047 /* Resources */,
			);
			buildRules = (
			);
			dependencies = (
				8272F2441B11E359004E9047 /* PBXTargetDependency */,
			);
			name = WatchKitUITests;
			productName = WatchKitUITests;
			productReference = 8272F2421B11E359004E9047 /* WatchKitUITests.xctest */;
			productType = "com.apple.product-type.bundle.unit-test";
		};
		8272F2551B11E3D1004E9047 /* WatchKitUI WatchKit Extension */ = {
			isa = PBXNativeTarget;
			buildConfigurationList = 8272F2721B11E3D1004E9047 /* Build configuration list for PBXNativeTarget "WatchKitUI WatchKit Extension" */;
			buildPhases = (
				8272F2521B11E3D1004E9047 /* Sources */,
				8272F2531B11E3D1004E9047 /* Frameworks */,
				8272F2541B11E3D1004E9047 /* Resources */,
			);
			buildRules = (
			);
			dependencies = (
				8272F2631B11E3D1004E9047 /* PBXTargetDependency */,
			);
			name = "WatchKitUI WatchKit Extension";
			productName = "WatchKitUI WatchKit Extension";
			productReference = 8272F2561B11E3D1004E9047 /* WatchKitUI WatchKit Extension.appex */;
			productType = "com.apple.product-type.watchkit-extension";
		};
		8272F25F1B11E3D1004E9047 /* WatchKitUI WatchKit App */ = {
			isa = PBXNativeTarget;
			buildConfigurationList = 8272F26F1B11E3D1004E9047 /* Build configuration list for PBXNativeTarget "WatchKitUI WatchKit App" */;
			buildPhases = (
				8272F25E1B11E3D1004E9047 /* Resources */,
			);
			buildRules = (
			);
			dependencies = (
			);
			name = "WatchKitUI WatchKit App";
			productName = "WatchKitUI WatchKit App";
			productReference = 8272F2601B11E3D1004E9047 /* WatchKitUI WatchKit App.app */;
			productType = "com.apple.product-type.application.watchapp";
		};
/* End PBXNativeTarget section */

/* Begin PBXProject section */
		8272F2251B11E359004E9047 /* Project object */ = {
			isa = PBXProject;
			attributes = {
				LastUpgradeCheck = 0630;
				ORGANIZATIONNAME = codeHatcher;
				TargetAttributes = {
					8272F22C1B11E359004E9047 = {
						CreatedOnToolsVersion = 6.3.1;
					};
					8272F2411B11E359004E9047 = {
						CreatedOnToolsVersion = 6.3.1;
						TestTargetID = 8272F22C1B11E359004E9047;
					};
					8272F2551B11E3D1004E9047 = {
						CreatedOnToolsVersion = 6.3.1;
					};
					8272F25F1B11E3D1004E9047 = {
						CreatedOnToolsVersion = 6.3.1;
					};
				};
			};
			buildConfigurationList = 8272F2281B11E359004E9047 /* Build configuration list for PBXProject "WatchKitUI" */;
			compatibilityVersion = "Xcode 3.2";
			developmentRegion = English;
			hasScannedForEncodings = 0;
			knownRegions = (
				en,
				Base,
			);
			mainGroup = 8272F2241B11E359004E9047;
			productRefGroup = 8272F22E1B11E359004E9047 /* Products */;
			projectDirPath = "";
			projectRoot = "";
			targets = (
				8272F22C1B11E359004E9047 /* WatchKitUI */,
				8272F2411B11E359004E9047 /* WatchKitUITests */,
				8272F2551B11E3D1004E9047 /* WatchKitUI WatchKit Extension */,
				8272F25F1B11E3D1004E9047 /* WatchKitUI WatchKit App */,
			);
		};
/* End PBXProject section */

/* Begin PBXResourcesBuildPhase section */
		8272F22B1B11E359004E9047 /* Resources */ = {
			isa = PBXResourcesBuildPhase;
			buildActionMask = 2147483647;
			files = (
				8272F2381B11E359004E9047 /* Main.storyboard in Resources */,
				8272F23D1B11E359004E9047 /* LaunchScreen.xib in Resources */,
				8272F23A1B11E359004E9047 /* Images.xcassets in Resources */,
			);
			runOnlyForDeploymentPostprocessing = 0;
		};
		8272F2401B11E359004E9047 /* Resources */ = {
			isa = PBXResourcesBuildPhase;
			buildActionMask = 2147483647;
			files = (
			);
			runOnlyForDeploymentPostprocessing = 0;
		};
		8272F2541B11E3D1004E9047 /* Resources */ = {
			isa = PBXResourcesBuildPhase;
			buildActionMask = 2147483647;
			files = (
				8272F25D1B11E3D1004E9047 /* Images.xcassets in Resources */,
				8272F2611B11E3D1004E9047 /* WatchKitUI WatchKit App.app in Resources */,
			);
			runOnlyForDeploymentPostprocessing = 0;
		};
		8272F25E1B11E3D1004E9047 /* Resources */ = {
			isa = PBXResourcesBuildPhase;
			buildActionMask = 2147483647;
			files = (
				8272F2691B11E3D1004E9047 /* Interface.storyboard in Resources */,
				8272F26B1B11E3D1004E9047 /* Images.xcassets in Resources */,
			);
			runOnlyForDeploymentPostprocessing = 0;
		};
/* End PBXResourcesBuildPhase section */

/* Begin PBXSourcesBuildPhase section */
		8272F2291B11E359004E9047 /* Sources */ = {
			isa = PBXSourcesBuildPhase;
			buildActionMask = 2147483647;
			files = (
				8272F2351B11E359004E9047 /* ViewController.swift in Sources */,
				8272F2331B11E359004E9047 /* AppDelegate.swift in Sources */,
			);
			runOnlyForDeploymentPostprocessing = 0;
		};
		8272F23E1B11E359004E9047 /* Sources */ = {
			isa = PBXSourcesBuildPhase;
			buildActionMask = 2147483647;
			files = (
				8272F2491B11E359004E9047 /* WatchKitUITests.swift in Sources */,
			);
			runOnlyForDeploymentPostprocessing = 0;
		};
		8272F2521B11E3D1004E9047 /* Sources */ = {
			isa = PBXSourcesBuildPhase;
			buildActionMask = 2147483647;
			files = (
				8272F2781B128D0D004E9047 /* LabelInterfaceController.swift in Sources */,
			);
			runOnlyForDeploymentPostprocessing = 0;
		};
/* End PBXSourcesBuildPhase section */

/* Begin PBXTargetDependency section */
		8272F2441B11E359004E9047 /* PBXTargetDependency */ = {
			isa = PBXTargetDependency;
			target = 8272F22C1B11E359004E9047 /* WatchKitUI */;
			targetProxy = 8272F2431B11E359004E9047 /* PBXContainerItemProxy */;
		};
		8272F2631B11E3D1004E9047 /* PBXTargetDependency */ = {
			isa = PBXTargetDependency;
			target = 8272F25F1B11E3D1004E9047 /* WatchKitUI WatchKit App */;
			targetProxy = 8272F2621B11E3D1004E9047 /* PBXContainerItemProxy */;
		};
		8272F26D1B11E3D1004E9047 /* PBXTargetDependency */ = {
			isa = PBXTargetDependency;
			target = 8272F2551B11E3D1004E9047 /* WatchKitUI WatchKit Extension */;
			targetProxy = 8272F26C1B11E3D1004E9047 /* PBXContainerItemProxy */;
		};
/* End PBXTargetDependency section */

/* Begin PBXVariantGroup section */
		8272F2361B11E359004E9047 /* Main.storyboard */ = {
			isa = PBXVariantGroup;
			children = (
				8272F2371B11E359004E9047 /* Base */,
			);
			name = Main.storyboard;
			sourceTree = "<group>";
		};
		8272F23B1B11E359004E9047 /* LaunchScreen.xib */ = {
			isa = PBXVariantGroup;
			children = (
				8272F23C1B11E359004E9047 /* Base */,
			);
			name = LaunchScreen.xib;
			sourceTree = "<group>";
		};
		8272F2671B11E3D1004E9047 /* Interface.storyboard */ = {
			isa = PBXVariantGroup;
			children = (
				8272F2681B11E3D1004E9047 /* Base */,
			);
			name = Interface.storyboard;
			sourceTree = "<group>";
		};
/* End PBXVariantGroup section */

/* Begin XCBuildConfiguration section */
		8272F24A1B11E359004E9047 /* Debug */ = {
			isa = XCBuildConfiguration;
			buildSettings = {
				ALWAYS_SEARCH_USER_PATHS = NO;
				CLANG_CXX_LANGUAGE_STANDARD = "gnu++0x";
				CLANG_CXX_LIBRARY = "libc++";
				CLANG_ENABLE_MODULES = YES;
				CLANG_ENABLE_OBJC_ARC = YES;
				CLANG_WARN_BOOL_CONVERSION = YES;
				CLANG_WARN_CONSTANT_CONVERSION = YES;
				CLANG_WARN_DIRECT_OBJC_ISA_USAGE = YES_ERROR;
				CLANG_WARN_EMPTY_BODY = YES;
				CLANG_WARN_ENUM_CONVERSION = YES;
				CLANG_WARN_INT_CONVERSION = YES;
				CLANG_WARN_OBJC_ROOT_CLASS = YES_ERROR;
				CLANG_WARN_UNREACHABLE_CODE = YES;
				CLANG_WARN__DUPLICATE_METHOD_MATCH = YES;
				"CODE_SIGN_IDENTITY[sdk=iphoneos*]" = "iPhone Developer";
				COPY_PHASE_STRIP = NO;
				DEBUG_INFORMATION_FORMAT = "dwarf-with-dsym";
				ENABLE_STRICT_OBJC_MSGSEND = YES;
				GCC_C_LANGUAGE_STANDARD = gnu99;
				GCC_DYNAMIC_NO_PIC = NO;
				GCC_NO_COMMON_BLOCKS = YES;
				GCC_OPTIMIZATION_LEVEL = 0;
				GCC_PREPROCESSOR_DEFINITIONS = (
					"DEBUG=1",
					"$(inherited)",
				);
				GCC_SYMBOLS_PRIVATE_EXTERN = NO;
				GCC_WARN_64_TO_32_BIT_CONVERSION = YES;
				GCC_WARN_ABOUT_RETURN_TYPE = YES_ERROR;
				GCC_WARN_UNDECLARED_SELECTOR = YES;
				GCC_WARN_UNINITIALIZED_AUTOS = YES_AGGRESSIVE;
				GCC_WARN_UNUSED_FUNCTION = YES;
				GCC_WARN_UNUSED_VARIABLE = YES;
				IPHONEOS_DEPLOYMENT_TARGET = 8.3;
				MTL_ENABLE_DEBUG_INFO = YES;
				ONLY_ACTIVE_ARCH = YES;
				SDKROOT = iphoneos;
				SWIFT_OPTIMIZATION_LEVEL = "-Onone";
				TARGETED_DEVICE_FAMILY = "1,2";
			};
			name = Debug;
		};
		8272F24B1B11E359004E9047 /* Release */ = {
			isa = XCBuildConfiguration;
			buildSettings = {
				ALWAYS_SEARCH_USER_PATHS = NO;
				CLANG_CXX_LANGUAGE_STANDARD = "gnu++0x";
				CLANG_CXX_LIBRARY = "libc++";
				CLANG_ENABLE_MODULES = YES;
				CLANG_ENABLE_OBJC_ARC = YES;
				CLANG_WARN_BOOL_CONVERSION = YES;
				CLANG_WARN_CONSTANT_CONVERSION = YES;
				CLANG_WARN_DIRECT_OBJC_ISA_USAGE = YES_ERROR;
				CLANG_WARN_EMPTY_BODY = YES;
				CLANG_WARN_ENUM_CONVERSION = YES;
				CLANG_WARN_INT_CONVERSION = YES;
				CLANG_WARN_OBJC_ROOT_CLASS = YES_ERROR;
				CLANG_WARN_UNREACHABLE_CODE = YES;
				CLANG_WARN__DUPLICATE_METHOD_MATCH = YES;
				"CODE_SIGN_IDENTITY[sdk=iphoneos*]" = "iPhone Developer";
				COPY_PHASE_STRIP = NO;
				DEBUG_INFORMATION_FORMAT = "dwarf-with-dsym";
				ENABLE_NS_ASSERTIONS = NO;
				ENABLE_STRICT_OBJC_MSGSEND = YES;
				GCC_C_LANGUAGE_STANDARD = gnu99;
				GCC_NO_COMMON_BLOCKS = YES;
				GCC_WARN_64_TO_32_BIT_CONVERSION = YES;
				GCC_WARN_ABOUT_RETURN_TYPE = YES_ERROR;
				GCC_WARN_UNDECLARED_SELECTOR = YES;
				GCC_WARN_UNINITIALIZED_AUTOS = YES_AGGRESSIVE;
				GCC_WARN_UNUSED_FUNCTION = YES;
				GCC_WARN_UNUSED_VARIABLE = YES;
				IPHONEOS_DEPLOYMENT_TARGET = 8.3;
				MTL_ENABLE_DEBUG_INFO = NO;
				SDKROOT = iphoneos;
				TARGETED_DEVICE_FAMILY = "1,2";
				VALIDATE_PRODUCT = YES;
			};
			name = Release;
		};
		8272F24D1B11E359004E9047 /* Debug */ = {
			isa = XCBuildConfiguration;
			buildSettings = {
				ASSETCATALOG_COMPILER_APPICON_NAME = AppIcon;
				INFOPLIST_FILE = WatchKitUI/Info.plist;
				LD_RUNPATH_SEARCH_PATHS = "$(inherited) @executable_path/Frameworks";
				PRODUCT_NAME = "$(TARGET_NAME)";
			};
			name = Debug;
		};
		8272F24E1B11E359004E9047 /* Release */ = {
			isa = XCBuildConfiguration;
			buildSettings = {
				ASSETCATALOG_COMPILER_APPICON_NAME = AppIcon;
				INFOPLIST_FILE = WatchKitUI/Info.plist;
				LD_RUNPATH_SEARCH_PATHS = "$(inherited) @executable_path/Frameworks";
				PRODUCT_NAME = "$(TARGET_NAME)";
			};
			name = Release;
		};
		8272F2501B11E359004E9047 /* Debug */ = {
			isa = XCBuildConfiguration;
			buildSettings = {
				BUNDLE_LOADER = "$(TEST_HOST)";
				FRAMEWORK_SEARCH_PATHS = (
					"$(SDKROOT)/Developer/Library/Frameworks",
					"$(inherited)",
				);
				GCC_PREPROCESSOR_DEFINITIONS = (
					"DEBUG=1",
					"$(inherited)",
				);
				INFOPLIST_FILE = WatchKitUITests/Info.plist;
				LD_RUNPATH_SEARCH_PATHS = "$(inherited) @executable_path/Frameworks @loader_path/Frameworks";
				PRODUCT_NAME = "$(TARGET_NAME)";
				TEST_HOST = "$(BUILT_PRODUCTS_DIR)/WatchKitUI.app/WatchKitUI";
			};
			name = Debug;
		};
		8272F2511B11E359004E9047 /* Release */ = {
			isa = XCBuildConfiguration;
			buildSettings = {
				BUNDLE_LOADER = "$(TEST_HOST)";
				FRAMEWORK_SEARCH_PATHS = (
					"$(SDKROOT)/Developer/Library/Frameworks",
					"$(inherited)",
				);
				INFOPLIST_FILE = WatchKitUITests/Info.plist;
				LD_RUNPATH_SEARCH_PATHS = "$(inherited) @executable_path/Frameworks @loader_path/Frameworks";
				PRODUCT_NAME = "$(TARGET_NAME)";
				TEST_HOST = "$(BUILT_PRODUCTS_DIR)/WatchKitUI.app/WatchKitUI";
			};
			name = Release;
		};
		8272F2701B11E3D1004E9047 /* Debug */ = {
			isa = XCBuildConfiguration;
			buildSettings = {
				ASSETCATALOG_COMPILER_APPICON_NAME = AppIcon;
				GCC_PREPROCESSOR_DEFINITIONS = (
					"DEBUG=1",
					"$(inherited)",
				);
				IBSC_MODULE = WatchKitUI_WatchKit_Extension;
				INFOPLIST_FILE = "WatchKitUI WatchKit App/Info.plist";
				IPHONEOS_DEPLOYMENT_TARGET = 8.2;
				PRODUCT_NAME = "$(TARGET_NAME)";
				SKIP_INSTALL = YES;
				TARGETED_DEVICE_FAMILY = 4;
				"TARGETED_DEVICE_FAMILY[sdk=iphonesimulator*]" = "1,4";
			};
			name = Debug;
		};
		8272F2711B11E3D1004E9047 /* Release */ = {
			isa = XCBuildConfiguration;
			buildSettings = {
				ASSETCATALOG_COMPILER_APPICON_NAME = AppIcon;
				IBSC_MODULE = WatchKitUI_WatchKit_Extension;
				INFOPLIST_FILE = "WatchKitUI WatchKit App/Info.plist";
				IPHONEOS_DEPLOYMENT_TARGET = 8.2;
				PRODUCT_NAME = "$(TARGET_NAME)";
				SKIP_INSTALL = YES;
				TARGETED_DEVICE_FAMILY = 4;
				"TARGETED_DEVICE_FAMILY[sdk=iphonesimulator*]" = "1,4";
			};
			name = Release;
		};
		8272F2731B11E3D1004E9047 /* Debug */ = {
			isa = XCBuildConfiguration;
			buildSettings = {
				CLANG_ENABLE_MODULES = YES;
				GCC_PREPROCESSOR_DEFINITIONS = (
					"DEBUG=1",
					"$(inherited)",
				);
				INFOPLIST_FILE = "WatchKitUI WatchKit Extension/Info.plist";
				LD_RUNPATH_SEARCH_PATHS = "$(inherited) @executable_path/Frameworks @executable_path/../../Frameworks";
				PRODUCT_NAME = "${TARGET_NAME}";
				SKIP_INSTALL = YES;
				SWIFT_OBJC_BRIDGING_HEADER = "WatchKitUI WatchKit Extension/WatchKitUI WatchKit Extension-Bridging-Header.h";
				SWIFT_OPTIMIZATION_LEVEL = "-Onone";
			};
			name = Debug;
		};
		8272F2741B11E3D1004E9047 /* Release */ = {
			isa = XCBuildConfiguration;
			buildSettings = {
				CLANG_ENABLE_MODULES = YES;
				INFOPLIST_FILE = "WatchKitUI WatchKit Extension/Info.plist";
				LD_RUNPATH_SEARCH_PATHS = "$(inherited) @executable_path/Frameworks @executable_path/../../Frameworks";
				PRODUCT_NAME = "${TARGET_NAME}";
				SKIP_INSTALL = YES;
				SWIFT_OBJC_BRIDGING_HEADER = "WatchKitUI WatchKit Extension/WatchKitUI WatchKit Extension-Bridging-Header.h";
			};
			name = Release;
		};
/* End XCBuildConfiguration section */

/* Begin XCConfigurationList section */
		8272F2281B11E359004E9047 /* Build configuration list for PBXProject "WatchKitUI" */ = {
			isa = XCConfigurationList;
			buildConfigurations = (
				8272F24A1B11E359004E9047 /* Debug */,
				8272F24B1B11E359004E9047 /* Release */,
			);
			defaultConfigurationIsVisible = 0;
			defaultConfigurationName = Release;
		};
		8272F24C1B11E359004E9047 /* Build configuration list for PBXNativeTarget "WatchKitUI" */ = {
			isa = XCConfigurationList;
			buildConfigurations = (
				8272F24D1B11E359004E9047 /* Debug */,
				8272F24E1B11E359004E9047 /* Release */,
			);
			defaultConfigurationIsVisible = 0;
		};
		8272F24F1B11E359004E9047 /* Build configuration list for PBXNativeTarget "WatchKitUITests" */ = {
			isa = XCConfigurationList;
			buildConfigurations = (
				8272F2501B11E359004E9047 /* Debug */,
				8272F2511B11E359004E9047 /* Release */,
			);
			defaultConfigurationIsVisible = 0;
		};
		8272F26F1B11E3D1004E9047 /* Build configuration list for PBXNativeTarget "WatchKitUI WatchKit App" */ = {
			isa = XCConfigurationList;
			buildConfigurations = (
				8272F2701B11E3D1004E9047 /* Debug */,
				8272F2711B11E3D1004E9047 /* Release */,
			);
			defaultConfigurationIsVisible = 0;
		};
		8272F2721B11E3D1004E9047 /* Build configuration list for PBXNativeTarget "WatchKitUI WatchKit Extension" */ = {
			isa = XCConfigurationList;
			buildConfigurations = (
				8272F2731B11E3D1004E9047 /* Debug */,
				8272F2741B11E3D1004E9047 /* Release */,
			);
			defaultConfigurationIsVisible = 0;
		};
/* End XCConfigurationList section */
	};
	rootObject = 8272F2251B11E359004E9047 /* Project object */;
}
